Microsoft Visual Studio Solution File, Format Version 12.00
# Visual Studio 15
VisualStudioVersion = 15.0.26124.0
MinimumVisualStudioVersion = 15.0.26124.0
Project("{FAE04EC0-301F-11D3-BF4B-00C04F79EFBC}") = "gofx.Client", "Client\gofx.client.csproj", "{4999220C-CD5B-4797-B522-46104BFEA5C4}"
EndProject
Project("{FAE04EC0-301F-11D3-BF4B-00C04F79EFBC}") = "gofx.Server", "Server\gofx.server.csproj", "{B239D77F-A223-405C-87E8-F472B4155B84}"
EndProject
Global
	GlobalSection(SolutionConfigurationPlatforms) = preSolution
		Debug|Any CPU = Debug|Any CPU
		Release|Any CPU = Release|Any CPU
	EndGlobalSection
	GlobalSection(SolutionProperties) = preSolution
		HideSolutionNode = FALSE
	EndGlobalSection
	GlobalSection(ProjectConfigurationPlatforms) = postSolution
		{4999220C-CD5B-4797-B522-46104BFEA5C4}.Debug|Any CPU.ActiveCfg = Debug|Any CPU
		{4999220C-CD5B-4797-B522-46104BFEA5C4}.Debug|Any CPU.Build.0 = Debug|Any CPU
		{4999220C-CD5B-4797-B522-46104BFEA5C4}.Release|Any CPU.ActiveCfg = Release|Any CPU
		{4999220C-CD5B-4797-B522-46104BFEA5C4}.Release|Any CPU.Build.0 = Release|Any CPU
		{B239D77F-A223-405C-87E8-F472B4155B84}.Debug|Any CPU.ActiveCfg = Debug|Any CPU
		{B239D77F-A223-405C-87E8-F472B4155B84}.Debug|Any CPU.Build.0 = Debug|Any CPU
		{B239D77F-A223-405C-87E8-F472B4155B84}.Release|Any CPU.ActiveCfg = Release|Any CPU
		{B239D77F-A223-405C-87E8-F472B4155B84}.Release|Any CPU.Build.0 = Release|Any CPU
	EndGlobalSection
EndGlobal
